
Microsoft Visual Studio Solution File, Format Version 12.00
# Visual Studio Version 17
VisualStudioVersion = 17.4.33213.308
MinimumVisualStudioVersion = 10.0.40219.1
Project("{FAE04EC0-301F-11D3-BF4B-00C04F79EFBC}") = "newestDBSYS", "newestDBSYS\newestDBSYS.csproj", "{AD1EF76C-C2B2-4BAC-A122-B2FDDBC18478}"
EndProject
Global
	GlobalSection(SolutionConfigurationPlatforms) = preSolution
		Debug|Any CPU = Debug|Any CPU
		Release|Any CPU = Release|Any CPU
	EndGlobalSection
	GlobalSection(ProjectConfigurationPlatforms) = postSolution
		{AD1EF76C-C2B2-4BAC-A122-B2FDDBC18478}.Debug|Any CPU.ActiveCfg = Debug|Any CPU
		{AD1EF76C-C2B2-4BAC-A122-B2FDDBC18478}.Debug|Any CPU.Build.0 = Debug|Any CPU
		{AD1EF76C-C2B2-4BAC-A122-B2FDDBC18478}.Release|Any CPU.ActiveCfg = Release|Any CPU
		{AD1EF76C-C2B2-4BAC-A122-B2FDDBC18478}.Release|Any CPU.Build.0 = Release|Any CPU
	EndGlobalSection
	GlobalSection(SolutionProperties) = preSolution
		HideSolutionNode = FALSE
	EndGlobalSection
	GlobalSection(ExtensibilityGlobals) = postSolution
		SolutionGuid = {48A7B8B4-A350-4BCB-8C17-CD7D55BE09A0}
	EndGlobalSection
EndGlobal
